github.com/redpanda-data/redpanda/src/transform-sdk/go/transform v0.2.1-0.20240415160439-f0cc5afa2ac2 h1:jBZ9XboDyqHOqcscSGUoVsEIfmLCQ8u2soelNuUA9VA=
github.com/redpanda-data/redpanda/src/transform-sdk/go/transform v0.2.1-0.20240415160439-f0cc5afa2ac2/go.mod h1:QGgiwwf/BIsD1b7EiyQ/Apzw+RLSpasRDdpOCiefQFQ=
